// !$*UTF8*$!
{
	archiveVersion = 1;
	classes = {
	};
	objectVersion = 50;
	objects = {

/* Begin PBXBuildFile section */
		6C27B3342521EAC800E80EB6 /* AppDelegate.swift in Sources */ = {isa = PBXBuildFile; fileRef = 6C27B3332521EAC800E80EB6 /* AppDelegate.swift */; };
		6C27B3362521EAC800E80EB6 /* SceneDelegate.swift in Sources */ = {isa = PBXBuildFile; fileRef = 6C27B3352521EAC800E80EB6 /* SceneDelegate.swift */; };
		6C27B3382521EAC800E80EB6 /* ViewController.swift in Sources */ = {isa = PBXBuildFile; fileRef = 6C27B3372521EAC800E80EB6 /* ViewController.swift */; };
		6C27B33B2521EAC800E80EB6 /* Main.storyboard in Resources */ = {isa = PBXBuildFile; fileRef = 6C27B3392521EAC800E80EB6 /* Main.storyboard */; };
		6C27B33D2521EAC900E80EB6 /* Assets.xcassets in Resources */ = {isa = PBXBuildFile; fileRef = 6C27B33C2521EAC900E80EB6 /* Assets.xcassets */; };
		6C27B3402521EAC900E80EB6 /* LaunchScreen.storyboard in Resources */ = {isa = PBXBuildFile; fileRef = 6C27B33E2521EAC900E80EB6 /* LaunchScreen.storyboard */; };
		6C27B34B2521EAC900E80EB6 /* WEB_VIEWTests.swift in Sources */ = {isa = PBXBuildFile; fileRef = 6C27B34A2521EAC900E80EB6 /* WEB_VIEWTests.swift */; };
		6C27B3562521EAC900E80EB6 /* WEB_VIEWUITests.swift in Sources */ = {isa = PBXBuildFile; fileRef = 6C27B3552521EAC900E80EB6 /* WEB_VIEWUITests.swift */; };
/* End PBXBuildFile section */

/* Begin PBXContainerItemProxy section */
		6C27B3472521EAC900E80EB6 /* PBXContainerItemProxy */ = {
			isa = PBXContainerItemProxy;
			containerPortal = 6C27B3282521EAC800E80EB6 /* Project object */;
			proxyType = 1;
			remoteGlobalIDString = 6C27B32F2521EAC800E80EB6;
			remoteInfo = "WEB-VIEW";
		};
		6C27B3522521EAC900E80EB6 /* PBXContainerItemProxy */ = {
			isa = PBXContainerItemProxy;
			containerPortal = 6C27B3282521EAC800E80EB6 /* Project object */;
			proxyType = 1;
			remoteGlobalIDString = 6C27B32F2521EAC800E80EB6;
			remoteInfo = "WEB-VIEW";
		};
/* End PBXContainerItemProxy section */

/* Begin PBXFileReference section */
		6C27B3302521EAC800E80EB6 /* WEB-VIEW.app */ = {isa = PBXFileReference; explicitFileType = wrapper.application; includeInIndex = 0; path = "WEB-VIEW.app"; sourceTree = BUILT_PRODUCTS_DIR; };
		6C27B3332521EAC800E80EB6 /* AppDelegate.swift */ = {isa = PBXFileReference; lastKnownFileType = sourcecode.swift; path = AppDelegate.swift; sourceTree = "<group>"; };
		6C27B3352521EAC800E80EB6 /* SceneDelegate.swift */ = {isa = PBXFileReference; lastKnownFileType = sourcecode.swift; path = SceneDelegate.swift; sourceTree = "<group>"; };
		6C27B3372521EAC800E80EB6 /* ViewController.swift */ = {isa = PBXFileReference; lastKnownFileType = sourcecode.swift; path = ViewController.swift; sourceTree = "<group>"; };
		6C27B33A2521EAC800E80EB6 /* Base */ = {isa = PBXFileReference; lastKnownFileType = file.storyboard; name = Base; path = Base.lproj/Main.storyboard; sourceTree = "<group>"; };
		6C27B33C2521EAC900E80EB6 /* Assets.xcassets */ = {isa = PBXFileReference; lastKnownFileType = folder.assetcatalog; path = Assets.xcassets; sourceTree = "<group>"; };
		6C27B33F2521EAC900E80EB6 /* Base */ = {isa = PBXFileReference; lastKnownFileType = file.storyboard; name = Base; path = Base.lproj/LaunchScreen.storyboard; sourceTree = "<group>"; };
		6C27B3412521EAC900E80EB6 /* Info.plist */ = {isa = PBXFileReference; lastKnownFileType = text.plist.xml; path = Info.plist; sourceTree = "<group>"; };
		6C27B3462521EAC900E80EB6 /* WEB-VIEWTests.xctest */ = {isa = PBXFileReference; explicitFileType = wrapper.cfbundle; includeInIndex = 0; path = "WEB-VIEWTests.xctest"; sourceTree = BUILT_PRODUCTS_DIR; };
		6C27B34A2521EAC900E80EB6 /* WEB_VIEWTests.swift */ = {isa = PBXFileReference; lastKnownFileType = sourcecode.swift; path = WEB_VIEWTests.swift; sourceTree = "<group>"; };
		6C27B34C2521EAC900E80EB6 /* Info.plist */ = {isa = PBXFileReference; lastKnownFileType = text.plist.xml; path = Info.plist; sourceTree = "<group>"; };
		6C27B3512521EAC900E80EB6 /* WEB-VIEWUITests.xctest */ = {isa = PBXFileReference; explicitFileType = wrapper.cfbundle; includeInIndex = 0; path = "WEB-VIEWUITests.xctest"; sourceTree = BUILT_PRODUCTS_DIR; };
		6C27B3552521EAC900E80EB6 /* WEB_VIEWUITests.swift */ = {isa = PBXFileReference; lastKnownFileType = sourcecode.swift; path = WEB_VIEWUITests.swift; sourceTree = "<group>"; };
		6C27B3572521EAC900E80EB6 /* Info.plist */ = {isa = PBXFileReference; lastKnownFileType = text.plist.xml; path = Info.plist; sourceTree = "<group>"; };
/* End PBXFileReference section */

/* Begin PBXFrameworksBuildPhase section */
		6C27B32D2521EAC800E80EB6 /* Frameworks */ = {
			isa = PBXFrameworksBuildPhase;
			buildActionMask = 2147483647;
			files = (
			);
			runOnlyForDeploymentPostprocessing = 0;
		};
		6C27B3432521EAC900E80EB6 /* Frameworks */ = {
			isa = PBXFrameworksBuildPhase;
			buildActionMask = 2147483647;
			files = (
			);
			runOnlyForDeploymentPostprocessing = 0;
		};
		6C27B34E2521EAC900E80EB6 /* Frameworks */ = {
			isa = PBXFrameworksBuildPhase;
			buildActionMask = 2147483647;
			files = (
			);
			runOnlyForDeploymentPostprocessing = 0;
		};
/* End PBXFrameworksBuildPhase section */

/* Begin PBXGroup section */
		6C27B3272521EAC800E80EB6 = {
			isa = PBXGroup;
			children = (
				6C27B3322521EAC800E80EB6 /* WEB-VIEW */,
				6C27B3492521EAC900E80EB6 /* WEB-VIEWTests */,
				6C27B3542521EAC900E80EB6 /* WEB-VIEWUITests */,
				6C27B3312521EAC800E80EB6 /* Products */,
			);
			sourceTree = "<group>";
		};
		6C27B3312521EAC800E80EB6 /* Products */ = {
			isa = PBXGroup;
			children = (
				6C27B3302521EAC800E80EB6 /* WEB-VIEW.app */,
				6C27B3462521EAC900E80EB6 /* WEB-VIEWTests.xctest */,
				6C27B3512521EAC900E80EB6 /* WEB-VIEWUITests.xctest */,
			);
			name = Products;
			sourceTree = "<group>";
		};
		6C27B3322521EAC800E80EB6 /* WEB-VIEW */ = {
			isa = PBXGroup;
			children = (
				6C27B3332521EAC800E80EB6 /* AppDelegate.swift */,
				6C27B3352521EAC800E80EB6 /* SceneDelegate.swift */,
				6C27B3372521EAC800E80EB6 /* ViewController.swift */,
				6C27B3392521EAC800E80EB6 /* Main.storyboard */,
				6C27B33C2521EAC900E80EB6 /* Assets.xcassets */,
				6C27B33E2521EAC900E80EB6 /* LaunchScreen.storyboard */,
				6C27B3412521EAC900E80EB6 /* Info.plist */,
			);
			path = "WEB-VIEW";
			sourceTree = "<group>";
		};
		6C27B3492521EAC900E80EB6 /* WEB-VIEWTests */ = {
			isa = PBXGroup;
			children = (
				6C27B34A2521EAC900E80EB6 /* WEB_VIEWTests.swift */,
				6C27B34C2521EAC900E80EB6 /* Info.plist */,
			);
			path = "WEB-VIEWTests";
			sourceTree = "<group>";
		};
		6C27B3542521EAC900E80EB6 /* WEB-VIEWUITests */ = {
			isa = PBXGroup;
			children = (
				6C27B3552521EAC900E80EB6 /* WEB_VIEWUITests.swift */,
				6C27B3572521EAC900E80EB6 /* Info.plist */,
			);
			path = "WEB-VIEWUITests";
			sourceTree = "<group>";
		};
/* End PBXGroup section */

/* Begin PBXNativeTarget section */
		6C27B32F2521EAC800E80EB6 /* WEB-VIEW */ = {
			isa = PBXNativeTarget;
			buildConfigurationList = 6C27B35A2521EAC900E80EB6 /* Build configuration list for PBXNativeTarget "WEB-VIEW" */;
			buildPhases = (
				6C27B32C2521EAC800E80EB6 /* Sources */,
				6C27B32D2521EAC800E80EB6 /* Frameworks */,
				6C27B32E2521EAC800E80EB6 /* Resources */,
			);
			buildRules = (
			);
			dependencies = (
			);
			name = "WEB-VIEW";
			productName = "WEB-VIEW";
			productReference = 6C27B3302521EAC800E80EB6 /* WEB-VIEW.app */;
			productType = "com.apple.product-type.application";
		};
		6C27B3452521EAC900E80EB6 /* WEB-VIEWTests */ = {
			isa = PBXNativeTarget;
			buildConfigurationList = 6C27B35D2521EAC900E80EB6 /* Build configuration list for PBXNativeTarget "WEB-VIEWTests" */;
			buildPhases = (
				6C27B3422521EAC900E80EB6 /* Sources */,
				6C27B3432521EAC900E80EB6 /* Frameworks */,
				6C27B3442521EAC900E80EB6 /* Resources */,
			);
			buildRules = (
			);
			dependencies = (
				6C27B3482521EAC900E80EB6 /* PBXTargetDependency */,
			);
			name = "WEB-VIEWTests";
			productName = "WEB-VIEWTests";
			productReference = 6C27B3462521EAC900E80EB6 /* WEB-VIEWTests.xctest */;
			productType = "com.apple.product-type.bundle.unit-test";
		};
		6C27B3502521EAC900E80EB6 /* WEB-VIEWUITests */ = {
			isa = PBXNativeTarget;
			buildConfigurationList = 6C27B3602521EAC900E80EB6 /* Build configuration list for PBXNativeTarget "WEB-VIEWUITests" */;
			buildPhases = (
				6C27B34D2521EAC900E80EB6 /* Sources */,
				6C27B34E2521EAC900E80EB6 /* Frameworks */,
				6C27B34F2521EAC900E80EB6 /* Resources */,
			);
			buildRules = (
			);
			dependencies = (
				6C27B3532521EAC900E80EB6 /* PBXTargetDependency */,
			);
			name = "WEB-VIEWUITests";
			productName = "WEB-VIEWUITests";
			productReference = 6C27B3512521EAC900E80EB6 /* WEB-VIEWUITests.xctest */;
			productType = "com.apple.product-type.bundle.ui-testing";
		};
/* End PBXNativeTarget section */

/* Begin PBXProject section */
		6C27B3282521EAC800E80EB6 /* Project object */ = {
			isa = PBXProject;
			attributes = {
				LastSwiftUpdateCheck = 1200;
				LastUpgradeCheck = 1200;
				TargetAttributes = {
					6C27B32F2521EAC800E80EB6 = {
						CreatedOnToolsVersion = 12.0;
					};
					6C27B3452521EAC900E80EB6 = {
						CreatedOnToolsVersion = 12.0;
						TestTargetID = 6C27B32F2521EAC800E80EB6;
					};
					6C27B3502521EAC900E80EB6 = {
						CreatedOnToolsVersion = 12.0;
						TestTargetID = 6C27B32F2521EAC800E80EB6;
					};
				};
			};
			buildConfigurationList = 6C27B32B2521EAC800E80EB6 /* Build configuration list for PBXProject "WEB-VIEW" */;
			compatibilityVersion = "Xcode 9.3";
			developmentRegion = en;
			hasScannedForEncodings = 0;
			knownRegions = (
				en,
				Base,
			);
			mainGroup = 6C27B3272521EAC800E80EB6;
			productRefGroup = 6C27B3312521EAC800E80EB6 /* Products */;
			projectDirPath = "";
			projectRoot = "";
			targets = (
				6C27B32F2521EAC800E80EB6 /* WEB-VIEW */,
				6C27B3452521EAC900E80EB6 /* WEB-VIEWTests */,
				6C27B3502521EAC900E80EB6 /* WEB-VIEWUITests */,
			);
		};
/* End PBXProject section */

/* Begin PBXResourcesBuildPhase section */
		6C27B32E2521EAC800E80EB6 /* Resources */ = {
			isa = PBXResourcesBuildPhase;
			buildActionMask = 2147483647;
			files = (
				6C27B3402521EAC900E80EB6 /* LaunchScreen.storyboard in Resources */,
				6C27B33D2521EAC900E80EB6 /* Assets.xcassets in Resources */,
				6C27B33B2521EAC800E80EB6 /* Main.storyboard in Resources */,
			);
			runOnlyForDeploymentPostprocessing = 0;
		};
		6C27B3442521EAC900E80EB6 /* Resources */ = {
			isa = PBXResourcesBuildPhase;
			buildActionMask = 2147483647;
			files = (
			);
			runOnlyForDeploymentPostprocessing = 0;
		};
		6C27B34F2521EAC900E80EB6 /* Resources */ = {
			isa = PBXResourcesBuildPhase;
			buildActionMask = 2147483647;
			files = (
			);
			runOnlyForDeploymentPostprocessing = 0;
		};
/* End PBXResourcesBuildPhase section */

/* Begin PBXSourcesBuildPhase section */
		6C27B32C2521EAC800E80EB6 /* Sources */ = {
			isa = PBXSourcesBuildPhase;
			buildActionMask = 2147483647;
			files = (
				6C27B3382521EAC800E80EB6 /* ViewController.swift in Sources */,
				6C27B3342521EAC800E80EB6 /* AppDelegate.swift in Sources */,
				6C27B3362521EAC800E80EB6 /* SceneDelegate.swift in Sources */,
			);
			runOnlyForDeploymentPostprocessing = 0;
		};
		6C27B3422521EAC900E80EB6 /* Sources */ = {
			isa = PBXSourcesBuildPhase;
			buildActionMask = 2147483647;
			files = (
				6C27B34B2521EAC900E80EB6 /* WEB_VIEWTests.swift in Sources */,
			);
			runOnlyForDeploymentPostprocessing = 0;
		};
		6C27B34D2521EAC900E80EB6 /* Sources */ = {
			isa = PBXSourcesBuildPhase;
			buildActionMask = 2147483647;
			files = (
				6C27B3562521EAC900E80EB6 /* WEB_VIEWUITests.swift in Sources */,
			);
			runOnlyForDeploymentPostprocessing = 0;
		};
/* End PBXSourcesBuildPhase section */

/* Begin PBXTargetDependency section */
		6C27B3482521EAC900E80EB6 /* PBXTargetDependency */ = {
			isa = PBXTargetDependency;
			target = 6C27B32F2521EAC800E80EB6 /* WEB-VIEW */;
			targetProxy = 6C27B3472521EAC900E80EB6 /* PBXContainerItemProxy */;
		};
		6C27B3532521EAC900E80EB6 /* PBXTargetDependency */ = {
			isa = PBXTargetDependency;
			target = 6C27B32F2521EAC800E80EB6 /* WEB-VIEW */;
			targetProxy = 6C27B3522521EAC900E80EB6 /* PBXContainerItemProxy */;
		};
/* End PBXTargetDependency section */

/* Begin PBXVariantGroup section */
		6C27B3392521EAC800E80EB6 /* Main.storyboard */ = {
			isa = PBXVariantGroup;
			children = (
				6C27B33A2521EAC800E80EB6 /* Base */,
			);
			name = Main.storyboard;
			sourceTree = "<group>";
		};
		6C27B33E2521EAC900E80EB6 /* LaunchScreen.storyboard */ = {
			isa = PBXVariantGroup;
			children = (
				6C27B33F2521EAC900E80EB6 /* Base */,
			);
			name = LaunchScreen.storyboard;
			sourceTree = "<group>";
		};
/* End PBXVariantGroup section */

/* Begin XCBuildConfiguration section */
		6C27B3582521EAC900E80EB6 /* Debug */ = {
			isa = XCBuildConfiguration;
			buildSettings = {
				ALWAYS_SEARCH_USER_PATHS = NO;
				CLANG_ANALYZER_NONNULL = YES;
				CLANG_ANALYZER_NUMBER_OBJECT_CONVERSION = YES_AGGRESSIVE;
				CLANG_CXX_LANGUAGE_STANDARD = "gnu++14";
				CLANG_CXX_LIBRARY = "libc++";
				CLANG_ENABLE_MODULES = YES;
				CLANG_ENABLE_OBJC_ARC = YES;
				CLANG_ENABLE_OBJC_WEAK = YES;
				CLANG_WARN_BLOCK_CAPTURE_AUTORELEASING = YES;
				CLANG_WARN_BOOL_CONVERSION = YES;
				CLANG_WARN_COMMA = YES;
				CLANG_WARN_CONSTANT_CONVERSION = YES;
				CLANG_WARN_DEPRECATED_OBJC_IMPLEMENTATIONS = YES;
				CLANG_WARN_DIRECT_OBJC_ISA_USAGE = YES_ERROR;
				CLANG_WARN_DOCUMENTATION_COMMENTS = YES;
				CLANG_WARN_EMPTY_BODY = YES;
				CLANG_WARN_ENUM_CONVERSION = YES;
				CLANG_WARN_INFINITE_RECURSION = YES;
				CLANG_WARN_INT_CONVERSION = YES;
				CLANG_WARN_NON_LITERAL_NULL_CONVERSION = YES;
				CLANG_WARN_OBJC_IMPLICIT_RETAIN_SELF = YES;
				CLANG_WARN_OBJC_LITERAL_CONVERSION = YES;
				CLANG_WARN_OBJC_ROOT_CLASS = YES_ERROR;
				CLANG_WARN_QUOTED_INCLUDE_IN_FRAMEWORK_HEADER = YES;
				CLANG_WARN_RANGE_LOOP_ANALYSIS = YES;
				CLANG_WARN_STRICT_PROTOTYPES = YES;
				CLANG_WARN_SUSPICIOUS_MOVE = YES;
				CLANG_WARN_UNGUARDED_AVAILABILITY = YES_AGGRESSIVE;
				CLANG_WARN_UNREACHABLE_CODE = YES;
				CLANG_WARN__DUPLICATE_METHOD_MATCH = YES;
				COPY_PHASE_STRIP = NO;
				DEBUG_INFORMATION_FORMAT = dwarf;
				ENABLE_STRICT_OBJC_MSGSEND = YES;
				ENABLE_TESTABILITY = YES;
				GCC_C_LANGUAGE_STANDARD = gnu11;
				GCC_DYNAMIC_NO_PIC = NO;
				GCC_NO_COMMON_BLOCKS = YES;
				GCC_OPTIMIZATION_LEVEL = 0;
				GCC_PREPROCESSOR_DEFINITIONS = (
					"DEBUG=1",
					"$(inherited)",
				);
				GCC_WARN_64_TO_32_BIT_CONVERSION = YES;
				GCC_WARN_ABOUT_RETURN_TYPE = YES_ERROR;
				GCC_WARN_UNDECLARED_SELECTOR = YES;
				GCC_WARN_UNINITIALIZED_AUTOS = YES_AGGRESSIVE;
				GCC_WARN_UNUSED_FUNCTION = YES;
				GCC_WARN_UNUSED_VARIABLE = YES;
				IPHONEOS_DEPLOYMENT_TARGET = 14.0;
				MTL_ENABLE_DEBUG_INFO = INCLUDE_SOURCE;
				MTL_FAST_MATH = YES;
				ONLY_ACTIVE_ARCH = YES;
				SDKROOT = iphoneos;
				SWIFT_ACTIVE_COMPILATION_CONDITIONS = DEBUG;
				SWIFT_OPTIMIZATION_LEVEL = "-Onone";
			};
			name = Debug;
		};
		6C27B3592521EAC900E80EB6 /* Release */ = {
			isa = XCBuildConfiguration;
			buildSettings = {
				ALWAYS_SEARCH_USER_PATHS = NO;
				CLANG_ANALYZER_NONNULL = YES;
				CLANG_ANALYZER_NUMBER_OBJECT_CONVERSION = YES_AGGRESSIVE;
				CLANG_CXX_LANGUAGE_STANDARD = "gnu++14";
				CLANG_CXX_LIBRARY = "libc++";
				CLANG_ENABLE_MODULES = YES;
				CLANG_ENABLE_OBJC_ARC = YES;
				CLANG_ENABLE_OBJC_WEAK = YES;
				CLANG_WARN_BLOCK_CAPTURE_AUTORELEASING = YES;
				CLANG_WARN_BOOL_CONVERSION = YES;
				CLANG_WARN_COMMA = YES;
				CLANG_WARN_CONSTANT_CONVERSION = YES;
				CLANG_WARN_DEPRECATED_OBJC_IMPLEMENTATIONS = YES;
				CLANG_WARN_DIRECT_OBJC_ISA_USAGE = YES_ERROR;
				CLANG_WARN_DOCUMENTATION_COMMENTS = YES;
				CLANG_WARN_EMPTY_BODY = YES;
				CLANG_WARN_ENUM_CONVERSION = YES;
				CLANG_WARN_INFINITE_RECURSION = YES;
				CLANG_WARN_INT_CONVERSION = YES;
				CLANG_WARN_NON_LITERAL_NULL_CONVERSION = YES;
				CLANG_WARN_OBJC_IMPLICIT_RETAIN_SELF = YES;
				CLANG_WARN_OBJC_LITERAL_CONVERSION = YES;
				CLANG_WARN_OBJC_ROOT_CLASS = YES_ERROR;
				CLANG_WARN_QUOTED_INCLUDE_IN_FRAMEWORK_HEADER = YES;
				CLANG_WARN_RANGE_LOOP_ANALYSIS = YES;
				CLANG_WARN_STRICT_PROTOTYPES = YES;
				CLANG_WARN_SUSPICIOUS_MOVE = YES;
				CLANG_WARN_UNGUARDED_AVAILABILITY = YES_AGGRESSIVE;
				CLANG_WARN_UNREACHABLE_CODE = YES;
				CLANG_WARN__DUPLICATE_METHOD_MATCH = YES;
				COPY_PHASE_STRIP = NO;
				DEBUG_INFORMATION_FORMAT = "dwarf-with-dsym";
				ENABLE_NS_ASSERTIONS = NO;
				ENABLE_STRICT_OBJC_MSGSEND = YES;
				GCC_C_LANGUAGE_STANDARD = gnu11;
				GCC_NO_COMMON_BLOCKS = YES;
				GCC_WARN_64_TO_32_BIT_CONVERSION = YES;
				GCC_WARN_ABOUT_RETURN_TYPE = YES_ERROR;
				GCC_WARN_UNDECLARED_SELECTOR = YES;
				GCC_WARN_UNINITIALIZED_AUTOS = YES_AGGRESSIVE;
				GCC_WARN_UNUSED_FUNCTION = YES;
				GCC_WARN_UNUSED_VARIABLE = YES;
				IPHONEOS_DEPLOYMENT_TARGET = 14.0;
				MTL_ENABLE_DEBUG_INFO = NO;
				MTL_FAST_MATH = YES;
				SDKROOT = iphoneos;
				SWIFT_COMPILATION_MODE = wholemodule;
				SWIFT_OPTIMIZATION_LEVEL = "-O";
				VALIDATE_PRODUCT = YES;
			};
			name = Release;
		};
		6C27B35B2521EAC900E80EB6 /* Debug */ = {
			isa = XCBuildConfiguration;
			buildSettings = {
				ASSETCATALOG_COMPILER_APPICON_NAME = AppIcon;
				ASSETCATALOG_COMPILER_GLOBAL_ACCENT_COLOR_NAME = AccentColor;
				CODE_SIGN_STYLE = Automatic;
				DEVELOPMENT_TEAM = XHH4CM69KV;
				INFOPLIST_FILE = "WEB-VIEW/Info.plist";
				LD_RUNPATH_SEARCH_PATHS = (
					"$(inherited)",
					"@executable_path/Frameworks",
				);
				PRODUCT_BUNDLE_IDENTIFIER = "com.yunusmakan.WEB-VIEW";
				PRODUCT_NAME = "$(TARGET_NAME)";
				SWIFT_VERSION = 5.0;
				TARGETED_DEVICE_FAMILY = "1,2";
			};
			name = Debug;
		};
		6C27B35C2521EAC900E80EB6 /* Release */ = {
			isa = XCBuildConfiguration;
			buildSettings = {
				ASSETCATALOG_COMPILER_APPICON_NAME = AppIcon;
				ASSETCATALOG_COMPILER_GLOBAL_ACCENT_COLOR_NAME = AccentColor;
				CODE_SIGN_STYLE = Automatic;
				DEVELOPMENT_TEAM = XHH4CM69KV;
				INFOPLIST_FILE = "WEB-VIEW/Info.plist";
				LD_RUNPATH_SEARCH_PATHS = (
					"$(inherited)",
					"@executable_path/Frameworks",
				);
				PRODUCT_BUNDLE_IDENTIFIER = "com.yunusmakan.WEB-VIEW";
				PRODUCT_NAME = "$(TARGET_NAME)";
				SWIFT_VERSION = 5.0;
				TARGETED_DEVICE_FAMILY = "1,2";
			};
			name = Release;
		};
		6C27B35E2521EAC900E80EB6 /* Debug */ = {
			isa = XCBuildConfiguration;
			buildSettings = {
				ALWAYS_EMBED_SWIFT_STANDARD_LIBRARIES = YES;
				BUNDLE_LOADER = "$(TEST_HOST)";
				CODE_SIGN_STYLE = Automatic;
				DEVELOPMENT_TEAM = XHH4CM69KV;
				INFOPLIST_FILE = "WEB-VIEWTests/Info.plist";
				IPHONEOS_DEPLOYMENT_TARGET = 14.0;
				LD_RUNPATH_SEARCH_PATHS = (
					"$(inherited)",
					"@executable_path/Frameworks",
					"@loader_path/Frameworks",
				);
				PRODUCT_BUNDLE_IDENTIFIER = "com.yunusmakan.WEB-VIEWTests";
				PRODUCT_NAME = "$(TARGET_NAME)";
				SWIFT_VERSION = 5.0;
				TARGETED_DEVICE_FAMILY = "1,2";
				TEST_HOST = "$(BUILT_PRODUCTS_DIR)/WEB-VIEW.app/WEB-VIEW";
			};
			name = Debug;
		};
		6C27B35F2521EAC900E80EB6 /* Release */ = {
			isa = XCBuildConfiguration;
			buildSettings = {
				ALWAYS_EMBED_SWIFT_STANDARD_LIBRARIES = YES;
				BUNDLE_LOADER = "$(TEST_HOST)";
				CODE_SIGN_STYLE = Automatic;
				DEVELOPMENT_TEAM = XHH4CM69KV;
				INFOPLIST_FILE = "WEB-VIEWTests/Info.plist";
				IPHONEOS_DEPLOYMENT_TARGET = 14.0;
				LD_RUNPATH_SEARCH_PATHS = (
					"$(inherited)",
					"@executable_path/Frameworks",
					"@loader_path/Frameworks",
				);
				PRODUCT_BUNDLE_IDENTIFIER = "com.yunusmakan.WEB-VIEWTests";
				PRODUCT_NAME = "$(TARGET_NAME)";
				SWIFT_VERSION = 5.0;
				TARGETED_DEVICE_FAMILY = "1,2";
				TEST_HOST = "$(BUILT_PRODUCTS_DIR)/WEB-VIEW.app/WEB-VIEW";
			};
			name = Release;
		};
		6C27B3612521EAC900E80EB6 /* Debug */ = {
			isa = XCBuildConfiguration;
			buildSettings = {
				ALWAYS_EMBED_SWIFT_STANDARD_LIBRARIES = YES;
				CODE_SIGN_STYLE = Automatic;
				DEVELOPMENT_TEAM = XHH4CM69KV;
				INFOPLIST_FILE = "WEB-VIEWUITests/Info.plist";
				LD_RUNPATH_SEARCH_PATHS = (
					"$(inherited)",
					"@executable_path/Frameworks",
					"@loader_path/Frameworks",
				);
				PRODUCT_BUNDLE_IDENTIFIER = "com.yunusmakan.WEB-VIEWUITests";
				PRODUCT_NAME = "$(TARGET_NAME)";
				SWIFT_VERSION = 5.0;
				TARGETED_DEVICE_FAMILY = "1,2";
				TEST_TARGET_NAME = "WEB-VIEW";
			};
			name = Debug;
		};
		6C27B3622521EAC900E80EB6 /* Release */ = {
			isa = XCBuildConfiguration;
			buildSettings = {
				ALWAYS_EMBED_SWIFT_STANDARD_LIBRARIES = YES;
				CODE_SIGN_STYLE = Automatic;
				DEVELOPMENT_TEAM = XHH4CM69KV;
				INFOPLIST_FILE = "WEB-VIEWUITests/Info.plist";
				LD_RUNPATH_SEARCH_PATHS = (
					"$(inherited)",
					"@executable_path/Frameworks",
					"@loader_path/Frameworks",
				);
				PRODUCT_BUNDLE_IDENTIFIER = "com.yunusmakan.WEB-VIEWUITests";
				PRODUCT_NAME = "$(TARGET_NAME)";
				SWIFT_VERSION = 5.0;
				TARGETED_DEVICE_FAMILY = "1,2";
				TEST_TARGET_NAME = "WEB-VIEW";
			};
			name = Release;
		};
/* End XCBuildConfiguration section */

/* Begin XCConfigurationList section */
		6C27B32B2521EAC800E80EB6 /* Build configuration list for PBXProject "WEB-VIEW" */ = {
			isa = XCConfigurationList;
			buildConfigurations = (
				6C27B3582521EAC900E80EB6 /* Debug */,
				6C27B3592521EAC900E80EB6 /* Release */,
			);
			defaultConfigurationIsVisible = 0;
			defaultConfigurationName = Release;
		};
		6C27B35A2521EAC900E80EB6 /* Build configuration list for PBXNativeTarget "WEB-VIEW" */ = {
			isa = XCConfigurationList;
			buildConfigurations = (
				6C27B35B2521EAC900E80EB6 /* Debug */,
				6C27B35C2521EAC900E80EB6 /* Release */,
			);
			defaultConfigurationIsVisible = 0;
			defaultConfigurationName = Release;
		};
		6C27B35D2521EAC900E80EB6 /* Build configuration list for PBXNativeTarget "WEB-VIEWTests" */ = {
			isa = XCConfigurationList;
			buildConfigurations = (
				6C27B35E2521EAC900E80EB6 /* Debug */,
				6C27B35F2521EAC900E80EB6 /* Release */,
			);
			defaultConfigurationIsVisible = 0;
			defaultConfigurationName = Release;
		};
		6C27B3602521EAC900E80EB6 /* Build configuration list for PBXNativeTarget "WEB-VIEWUITests" */ = {
			isa = XCConfigurationList;
			buildConfigurations = (
				6C27B3612521EAC900E80EB6 /* Debug */,
				6C27B3622521EAC900E80EB6 /* Release */,
			);
			defaultConfigurationIsVisible = 0;
			defaultConfigurationName = Release;
		};
/* End XCConfigurationList section */
	};
	rootObject = 6C27B3282521EAC800E80EB6 /* Project object */;
}
